
Microsoft Visual Studio Solution File, Format Version 12.00
# Visual Studio 15
Project("{8BC9CEB8-8B4A-11D0-8D11-00A0C91BC942}") = "ALL_BUILD", "ALL_BUILD.vcxproj", "{ED64E83F-19D7-386B-8380-C61846517EE2}"
	ProjectSection(ProjectDependencies) = postProject
		{6B2CD2BB-3921-3272-9AEA-B20803E8B267} = {6B2CD2BB-3921-3272-9AEA-B20803E8B267}
		{EF8D2089-DFCC-3B7E-9E55-63670584FB19} = {EF8D2089-DFCC-3B7E-9E55-63670584FB19}
		{AAD7388F-76D9-39ED-AF81-C8C1B0FEE5E0} = {AAD7388F-76D9-39ED-AF81-C8C1B0FEE5E0}
		{9638F51E-A867-3D2F-9A8B-C74B4C8D32CB} = {9638F51E-A867-3D2F-9A8B-C74B4C8D32CB}
	EndProjectSection
EndProject
Project("{8BC9CEB8-8B4A-11D0-8D11-00A0C91BC942}") = "INSTALL", "INSTALL.vcxproj", "{08C41D41-215E-3196-AF29-AB13321AE1DB}"
	ProjectSection(ProjectDependencies) = postProject
		{ED64E83F-19D7-386B-8380-C61846517EE2} = {ED64E83F-19D7-386B-8380-C61846517EE2}
		{6B2CD2BB-3921-3272-9AEA-B20803E8B267} = {6B2CD2BB-3921-3272-9AEA-B20803E8B267}
	EndProjectSection
EndProject
Project("{8BC9CEB8-8B4A-11D0-8D11-00A0C91BC942}") = "PACKAGE", "PACKAGE.vcxproj", "{1F911359-5535-345F-BCA4-18F0CDF7BD28}"
	ProjectSection(ProjectDependencies) = postProject
		{ED64E83F-19D7-386B-8380-C61846517EE2} = {ED64E83F-19D7-386B-8380-C61846517EE2}
		{6B2CD2BB-3921-3272-9AEA-B20803E8B267} = {6B2CD2BB-3921-3272-9AEA-B20803E8B267}
	EndProjectSection
EndProject
Project("{8BC9CEB8-8B4A-11D0-8D11-00A0C91BC942}") = "ZERO_CHECK", "ZERO_CHECK.vcxproj", "{6B2CD2BB-3921-3272-9AEA-B20803E8B267}"
	ProjectSection(ProjectDependencies) = postProject
	EndProjectSection
EndProject
Project("{8BC9CEB8-8B4A-11D0-8D11-00A0C91BC942}") = "app-library", "app-library.vcxproj", "{EF8D2089-DFCC-3B7E-9E55-63670584FB19}"
	ProjectSection(ProjectDependencies) = postProject
		{6B2CD2BB-3921-3272-9AEA-B20803E8B267} = {6B2CD2BB-3921-3272-9AEA-B20803E8B267}
		{AAD7388F-76D9-39ED-AF81-C8C1B0FEE5E0} = {AAD7388F-76D9-39ED-AF81-C8C1B0FEE5E0}
		{47BA71F4-F7CE-3FF3-9890-C4C9BAC90BB1} = {47BA71F4-F7CE-3FF3-9890-C4C9BAC90BB1}
		{2378C548-1E6B-3B1A-893A-D392B8E8A54B} = {2378C548-1E6B-3B1A-893A-D392B8E8A54B}
	EndProjectSection
EndProject
Project("{8BC9CEB8-8B4A-11D0-8D11-00A0C91BC942}") = "app-plugin", "app-plugin.vcxproj", "{AAD7388F-76D9-39ED-AF81-C8C1B0FEE5E0}"
	ProjectSection(ProjectDependencies) = postProject
		{6B2CD2BB-3921-3272-9AEA-B20803E8B267} = {6B2CD2BB-3921-3272-9AEA-B20803E8B267}
	EndProjectSection
EndProject
Project("{8BC9CEB8-8B4A-11D0-8D11-00A0C91BC942}") = "linphone-qt", "linphone-qt.vcxproj", "{9638F51E-A867-3D2F-9A8B-C74B4C8D32CB}"
	ProjectSection(ProjectDependencies) = postProject
		{6B2CD2BB-3921-3272-9AEA-B20803E8B267} = {6B2CD2BB-3921-3272-9AEA-B20803E8B267}
		{EF8D2089-DFCC-3B7E-9E55-63670584FB19} = {EF8D2089-DFCC-3B7E-9E55-63670584FB19}
		{AAD7388F-76D9-39ED-AF81-C8C1B0FEE5E0} = {AAD7388F-76D9-39ED-AF81-C8C1B0FEE5E0}
	EndProjectSection
EndProject
Project("{8BC9CEB8-8B4A-11D0-8D11-00A0C91BC942}") = "linphone-qt-git-version", "linphone-qt-git-version.vcxproj", "{47BA71F4-F7CE-3FF3-9890-C4C9BAC90BB1}"
	ProjectSection(ProjectDependencies) = postProject
		{6B2CD2BB-3921-3272-9AEA-B20803E8B267} = {6B2CD2BB-3921-3272-9AEA-B20803E8B267}
	EndProjectSection
EndProject
Project("{8BC9CEB8-8B4A-11D0-8D11-00A0C91BC942}") = "update_translations", "assets\languages\update_translations.vcxproj", "{2378C548-1E6B-3B1A-893A-D392B8E8A54B}"
	ProjectSection(ProjectDependencies) = postProject
		{6B2CD2BB-3921-3272-9AEA-B20803E8B267} = {6B2CD2BB-3921-3272-9AEA-B20803E8B267}
	EndProjectSection
EndProject
Global
	GlobalSection(SolutionConfigurationPlatforms) = preSolution
		Debug|Win32 = Debug|Win32
		Release|Win32 = Release|Win32
		MinSizeRel|Win32 = MinSizeRel|Win32
		RelWithDebInfo|Win32 = RelWithDebInfo|Win32
	EndGlobalSection
	GlobalSection(ProjectConfigurationPlatforms) = postSolution
		{ED64E83F-19D7-386B-8380-C61846517EE2}.Debug|Win32.ActiveCfg = Debug|Win32
		{ED64E83F-19D7-386B-8380-C61846517EE2}.Debug|Win32.Build.0 = Debug|Win32
		{ED64E83F-19D7-386B-8380-C61846517EE2}.Release|Win32.ActiveCfg = Release|Win32
		{ED64E83F-19D7-386B-8380-C61846517EE2}.Release|Win32.Build.0 = Release|Win32
		{ED64E83F-19D7-386B-8380-C61846517EE2}.MinSizeRel|Win32.ActiveCfg = MinSizeRel|Win32
		{ED64E83F-19D7-386B-8380-C61846517EE2}.MinSizeRel|Win32.Build.0 = MinSizeRel|Win32
		{ED64E83F-19D7-386B-8380-C61846517EE2}.RelWithDebInfo|Win32.ActiveCfg = RelWithDebInfo|Win32
		{ED64E83F-19D7-386B-8380-C61846517EE2}.RelWithDebInfo|Win32.Build.0 = RelWithDebInfo|Win32
		{08C41D41-215E-3196-AF29-AB13321AE1DB}.Debug|Win32.ActiveCfg = Debug|Win32
		{08C41D41-215E-3196-AF29-AB13321AE1DB}.Release|Win32.ActiveCfg = Release|Win32
		{08C41D41-215E-3196-AF29-AB13321AE1DB}.MinSizeRel|Win32.ActiveCfg = MinSizeRel|Win32
		{08C41D41-215E-3196-AF29-AB13321AE1DB}.RelWithDebInfo|Win32.ActiveCfg = RelWithDebInfo|Win32
		{1F911359-5535-345F-BCA4-18F0CDF7BD28}.Debug|Win32.ActiveCfg = Debug|Win32
		{1F911359-5535-345F-BCA4-18F0CDF7BD28}.Release|Win32.ActiveCfg = Release|Win32
		{1F911359-5535-345F-BCA4-18F0CDF7BD28}.MinSizeRel|Win32.ActiveCfg = MinSizeRel|Win32
		{1F911359-5535-345F-BCA4-18F0CDF7BD28}.RelWithDebInfo|Win32.ActiveCfg = RelWithDebInfo|Win32
		{6B2CD2BB-3921-3272-9AEA-B20803E8B267}.Debug|Win32.ActiveCfg = Debug|Win32
		{6B2CD2BB-3921-3272-9AEA-B20803E8B267}.Debug|Win32.Build.0 = Debug|Win32
		{6B2CD2BB-3921-3272-9AEA-B20803E8B267}.Release|Win32.ActiveCfg = Release|Win32
		{6B2CD2BB-3921-3272-9AEA-B20803E8B267}.Release|Win32.Build.0 = Release|Win32
		{6B2CD2BB-3921-3272-9AEA-B20803E8B267}.MinSizeRel|Win32.ActiveCfg = MinSizeRel|Win32
		{6B2CD2BB-3921-3272-9AEA-B20803E8B267}.MinSizeRel|Win32.Build.0 = MinSizeRel|Win32
		{6B2CD2BB-3921-3272-9AEA-B20803E8B267}.RelWithDebInfo|Win32.ActiveCfg = RelWithDebInfo|Win32
		{6B2CD2BB-3921-3272-9AEA-B20803E8B267}.RelWithDebInfo|Win32.Build.0 = RelWithDebInfo|Win32
		{EF8D2089-DFCC-3B7E-9E55-63670584FB19}.Debug|Win32.ActiveCfg = Debug|Win32
		{EF8D2089-DFCC-3B7E-9E55-63670584FB19}.Debug|Win32.Build.0 = Debug|Win32
		{EF8D2089-DFCC-3B7E-9E55-63670584FB19}.Release|Win32.ActiveCfg = Release|Win32
		{EF8D2089-DFCC-3B7E-9E55-63670584FB19}.Release|Win32.Build.0 = Release|Win32
		{EF8D2089-DFCC-3B7E-9E55-63670584FB19}.MinSizeRel|Win32.ActiveCfg = MinSizeRel|Win32
		{EF8D2089-DFCC-3B7E-9E55-63670584FB19}.MinSizeRel|Win32.Build.0 = MinSizeRel|Win32
		{EF8D2089-DFCC-3B7E-9E55-63670584FB19}.RelWithDebInfo|Win32.ActiveCfg = RelWithDebInfo|Win32
		{EF8D2089-DFCC-3B7E-9E55-63670584FB19}.RelWithDebInfo|Win32.Build.0 = RelWithDebInfo|Win32
		{AAD7388F-76D9-39ED-AF81-C8C1B0FEE5E0}.Debug|Win32.ActiveCfg = Debug|Win32
		{AAD7388F-76D9-39ED-AF81-C8C1B0FEE5E0}.Debug|Win32.Build.0 = Debug|Win32
		{AAD7388F-76D9-39ED-AF81-C8C1B0FEE5E0}.Release|Win32.ActiveCfg = Release|Win32
		{AAD7388F-76D9-39ED-AF81-C8C1B0FEE5E0}.Release|Win32.Build.0 = Release|Win32
		{AAD7388F-76D9-39ED-AF81-C8C1B0FEE5E0}.MinSizeRel|Win32.ActiveCfg = MinSizeRel|Win32
		{AAD7388F-76D9-39ED-AF81-C8C1B0FEE5E0}.MinSizeRel|Win32.Build.0 = MinSizeRel|Win32
		{AAD7388F-76D9-39ED-AF81-C8C1B0FEE5E0}.RelWithDebInfo|Win32.ActiveCfg = RelWithDebInfo|Win32
		{AAD7388F-76D9-39ED-AF81-C8C1B0FEE5E0}.RelWithDebInfo|Win32.Build.0 = RelWithDebInfo|Win32
		{9638F51E-A867-3D2F-9A8B-C74B4C8D32CB}.Debug|Win32.ActiveCfg = Debug|Win32
		{9638F51E-A867-3D2F-9A8B-C74B4C8D32CB}.Debug|Win32.Build.0 = Debug|Win32
		{9638F51E-A867-3D2F-9A8B-C74B4C8D32CB}.Release|Win32.ActiveCfg = Release|Win32
		{9638F51E-A867-3D2F-9A8B-C74B4C8D32CB}.Release|Win32.Build.0 = Release|Win32
		{9638F51E-A867-3D2F-9A8B-C74B4C8D32CB}.MinSizeRel|Win32.ActiveCfg = MinSizeRel|Win32
		{9638F51E-A867-3D2F-9A8B-C74B4C8D32CB}.MinSizeRel|Win32.Build.0 = MinSizeRel|Win32
		{9638F51E-A867-3D2F-9A8B-C74B4C8D32CB}.RelWithDebInfo|Win32.ActiveCfg = RelWithDebInfo|Win32
		{9638F51E-A867-3D2F-9A8B-C74B4C8D32CB}.RelWithDebInfo|Win32.Build.0 = RelWithDebInfo|Win32
		{47BA71F4-F7CE-3FF3-9890-C4C9BAC90BB1}.Debug|Win32.ActiveCfg = Debug|Win32
		{47BA71F4-F7CE-3FF3-9890-C4C9BAC90BB1}.Debug|Win32.Build.0 = Debug|Win32
		{47BA71F4-F7CE-3FF3-9890-C4C9BAC90BB1}.Release|Win32.ActiveCfg = Release|Win32
		{47BA71F4-F7CE-3FF3-9890-C4C9BAC90BB1}.Release|Win32.Build.0 = Release|Win32
		{47BA71F4-F7CE-3FF3-9890-C4C9BAC90BB1}.MinSizeRel|Win32.ActiveCfg = MinSizeRel|Win32
		{47BA71F4-F7CE-3FF3-9890-C4C9BAC90BB1}.MinSizeRel|Win32.Build.0 = MinSizeRel|Win32
		{47BA71F4-F7CE-3FF3-9890-C4C9BAC90BB1}.RelWithDebInfo|Win32.ActiveCfg = RelWithDebInfo|Win32
		{47BA71F4-F7CE-3FF3-9890-C4C9BAC90BB1}.RelWithDebInfo|Win32.Build.0 = RelWithDebInfo|Win32
		{2378C548-1E6B-3B1A-893A-D392B8E8A54B}.Debug|Win32.ActiveCfg = Debug|Win32
		{2378C548-1E6B-3B1A-893A-D392B8E8A54B}.Debug|Win32.Build.0 = Debug|Win32
		{2378C548-1E6B-3B1A-893A-D392B8E8A54B}.Release|Win32.ActiveCfg = Release|Win32
		{2378C548-1E6B-3B1A-893A-D392B8E8A54B}.Release|Win32.Build.0 = Release|Win32
		{2378C548-1E6B-3B1A-893A-D392B8E8A54B}.MinSizeRel|Win32.ActiveCfg = MinSizeRel|Win32
		{2378C548-1E6B-3B1A-893A-D392B8E8A54B}.MinSizeRel|Win32.Build.0 = MinSizeRel|Win32
		{2378C548-1E6B-3B1A-893A-D392B8E8A54B}.RelWithDebInfo|Win32.ActiveCfg = RelWithDebInfo|Win32
		{2378C548-1E6B-3B1A-893A-D392B8E8A54B}.RelWithDebInfo|Win32.Build.0 = RelWithDebInfo|Win32
	EndGlobalSection
	GlobalSection(ExtensibilityGlobals) = postSolution
		SolutionGuid = {26F8ECFC-8947-3BEC-8152-B5258690A747}
	EndGlobalSection
	GlobalSection(ExtensibilityAddIns) = postSolution
	EndGlobalSection
EndGlobal
