<?xml version="1.0" encoding="utf-8"?>
<Project ToolsVersion="15.0" xmlns="http://schemas.microsoft.com/developer/msbuild/2003">
  <ItemGroup>
    <CustomBuild Include="D:\Work\V2_Netcom\linphone-desktop\CMakeFiles\08278c58fecf45c908d1a70add002a38\app-qtkeychain-mkdir.rule">
      <Filter>CMake Rules</Filter>
    </CustomBuild>
    <CustomBuild Include="D:\Work\V2_Netcom\linphone-desktop\CMakeFiles\08278c58fecf45c908d1a70add002a38\app-qtkeychain-download.rule">
      <Filter>CMake Rules</Filter>
    </CustomBuild>
    <CustomBuild Include="D:\Work\V2_Netcom\linphone-desktop\CMakeFiles\08278c58fecf45c908d1a70add002a38\app-qtkeychain-update.rule">
      <Filter>CMake Rules</Filter>
    </CustomBuild>
    <CustomBuild Include="D:\Work\V2_Netcom\linphone-desktop\CMakeFiles\08278c58fecf45c908d1a70add002a38\app-qtkeychain-patch.rule">
      <Filter>CMake Rules</Filter>
    </CustomBuild>
    <CustomBuild Include="D:\Work\V2_Netcom\linphone-desktop\CMakeFiles\08278c58fecf45c908d1a70add002a38\app-qtkeychain-configure.rule">
      <Filter>CMake Rules</Filter>
    </CustomBuild>
    <CustomBuild Include="D:\Work\V2_Netcom\linphone-desktop\CMakeFiles\08278c58fecf45c908d1a70add002a38\app-qtkeychain-build.rule">
      <Filter>CMake Rules</Filter>
    </CustomBuild>
    <CustomBuild Include="D:\Work\V2_Netcom\linphone-desktop\CMakeFiles\08278c58fecf45c908d1a70add002a38\app-qtkeychain-install.rule">
      <Filter>CMake Rules</Filter>
    </CustomBuild>
    <CustomBuild Include="D:\Work\V2_Netcom\linphone-desktop\CMakeFiles\5ed6fdc1f780c835f8affd9aeb643c9a\app-qtkeychain-complete.rule">
      <Filter>CMake Rules</Filter>
    </CustomBuild>
    <CustomBuild Include="D:\Work\V2_Netcom\linphone-desktop\CMakeFiles\a5cee4ebf057da549f01d1d99d90acdb\app-qtkeychain.rule">
      <Filter>CMake Rules</Filter>
    </CustomBuild>
    <CustomBuild Include="D:\Work\V2_Netcom\linphone-desktop\CMakeLists.txt" />
  </ItemGroup>
  <ItemGroup>
    <None Include="D:\Work\V2_Netcom\linphone-desktop\CMakeFiles\app-qtkeychain" />
  </ItemGroup>
  <ItemGroup>
    <Filter Include="CMake Rules">
      <UniqueIdentifier>{BFC6EACF-CB28-38BF-8983-CA73843D8E60}</UniqueIdentifier>
    </Filter>
  </ItemGroup>
</Project>
