
Microsoft Visual Studio Solution File, Format Version 12.00
# Visual Studio 15
Project("{8BC9CEB8-8B4A-11D0-8D11-00A0C91BC942}") = "ALL_BUILD", "ALL_BUILD.vcxproj", "{CFC52FE7-F02E-3157-8313-754308C45E63}"
	ProjectSection(ProjectDependencies) = postProject
		{4B4DB0A0-6CC9-3AAC-9516-70BC0B6C2B23} = {4B4DB0A0-6CC9-3AAC-9516-70BC0B6C2B23}
		{9596009A-0D9F-379E-AB83-6AEC099F7B0A} = {9596009A-0D9F-379E-AB83-6AEC099F7B0A}
		{83C72B01-6B8A-31E9-A9A7-46BC8E1BF3CA} = {83C72B01-6B8A-31E9-A9A7-46BC8E1BF3CA}
		{516B29C2-1F8A-3458-82AA-DB6269B93BD4} = {516B29C2-1F8A-3458-82AA-DB6269B93BD4}
		{73FA61F1-6DA1-3EBE-9ACF-761594091B44} = {73FA61F1-6DA1-3EBE-9ACF-761594091B44}
	EndProjectSection
EndProject
Project("{8BC9CEB8-8B4A-11D0-8D11-00A0C91BC942}") = "INSTALL", "INSTALL.vcxproj", "{961479D6-6F7F-3F8A-9E5F-82F8947E9240}"
	ProjectSection(ProjectDependencies) = postProject
		{CFC52FE7-F02E-3157-8313-754308C45E63} = {CFC52FE7-F02E-3157-8313-754308C45E63}
		{4B4DB0A0-6CC9-3AAC-9516-70BC0B6C2B23} = {4B4DB0A0-6CC9-3AAC-9516-70BC0B6C2B23}
	EndProjectSection
EndProject
Project("{8BC9CEB8-8B4A-11D0-8D11-00A0C91BC942}") = "ZERO_CHECK", "ZERO_CHECK.vcxproj", "{4B4DB0A0-6CC9-3AAC-9516-70BC0B6C2B23}"
	ProjectSection(ProjectDependencies) = postProject
	EndProjectSection
EndProject
Project("{8BC9CEB8-8B4A-11D0-8D11-00A0C91BC942}") = "app-qtkeychain", "app-qtkeychain.vcxproj", "{9596009A-0D9F-379E-AB83-6AEC099F7B0A}"
	ProjectSection(ProjectDependencies) = postProject
		{4B4DB0A0-6CC9-3AAC-9516-70BC0B6C2B23} = {4B4DB0A0-6CC9-3AAC-9516-70BC0B6C2B23}
	EndProjectSection
EndProject
Project("{8BC9CEB8-8B4A-11D0-8D11-00A0C91BC942}") = "auto_regeneration", "auto_regeneration.vcxproj", "{83C72B01-6B8A-31E9-A9A7-46BC8E1BF3CA}"
	ProjectSection(ProjectDependencies) = postProject
		{4B4DB0A0-6CC9-3AAC-9516-70BC0B6C2B23} = {4B4DB0A0-6CC9-3AAC-9516-70BC0B6C2B23}
		{516B29C2-1F8A-3458-82AA-DB6269B93BD4} = {516B29C2-1F8A-3458-82AA-DB6269B93BD4}
	EndProjectSection
EndProject
Project("{8BC9CEB8-8B4A-11D0-8D11-00A0C91BC942}") = "linphone-qt", "linphone-qt.vcxproj", "{516B29C2-1F8A-3458-82AA-DB6269B93BD4}"
	ProjectSection(ProjectDependencies) = postProject
		{4B4DB0A0-6CC9-3AAC-9516-70BC0B6C2B23} = {4B4DB0A0-6CC9-3AAC-9516-70BC0B6C2B23}
		{9596009A-0D9F-379E-AB83-6AEC099F7B0A} = {9596009A-0D9F-379E-AB83-6AEC099F7B0A}
		{73FA61F1-6DA1-3EBE-9ACF-761594091B44} = {73FA61F1-6DA1-3EBE-9ACF-761594091B44}
	EndProjectSection
EndProject
Project("{8BC9CEB8-8B4A-11D0-8D11-00A0C91BC942}") = "linphone-qt-only", "linphone-qt-only.vcxproj", "{B487E467-66AD-3043-9F0A-007176A1561C}"
	ProjectSection(ProjectDependencies) = postProject
		{4B4DB0A0-6CC9-3AAC-9516-70BC0B6C2B23} = {4B4DB0A0-6CC9-3AAC-9516-70BC0B6C2B23}
	EndProjectSection
EndProject
Project("{8BC9CEB8-8B4A-11D0-8D11-00A0C91BC942}") = "sdk", "sdk.vcxproj", "{73FA61F1-6DA1-3EBE-9ACF-761594091B44}"
	ProjectSection(ProjectDependencies) = postProject
		{4B4DB0A0-6CC9-3AAC-9516-70BC0B6C2B23} = {4B4DB0A0-6CC9-3AAC-9516-70BC0B6C2B23}
	EndProjectSection
EndProject
Project("{8BC9CEB8-8B4A-11D0-8D11-00A0C91BC942}") = "sdk-build", "sdk-build.vcxproj", "{6313D0D5-244D-3C7F-ABC6-D2F59191FDAA}"
	ProjectSection(ProjectDependencies) = postProject
		{4B4DB0A0-6CC9-3AAC-9516-70BC0B6C2B23} = {4B4DB0A0-6CC9-3AAC-9516-70BC0B6C2B23}
	EndProjectSection
EndProject
Global
	GlobalSection(SolutionConfigurationPlatforms) = preSolution
		Debug|Win32 = Debug|Win32
		Release|Win32 = Release|Win32
		MinSizeRel|Win32 = MinSizeRel|Win32
		RelWithDebInfo|Win32 = RelWithDebInfo|Win32
	EndGlobalSection
	GlobalSection(ProjectConfigurationPlatforms) = postSolution
		{CFC52FE7-F02E-3157-8313-754308C45E63}.Debug|Win32.ActiveCfg = Debug|Win32
		{CFC52FE7-F02E-3157-8313-754308C45E63}.Debug|Win32.Build.0 = Debug|Win32
		{CFC52FE7-F02E-3157-8313-754308C45E63}.Release|Win32.ActiveCfg = Release|Win32
		{CFC52FE7-F02E-3157-8313-754308C45E63}.Release|Win32.Build.0 = Release|Win32
		{CFC52FE7-F02E-3157-8313-754308C45E63}.MinSizeRel|Win32.ActiveCfg = MinSizeRel|Win32
		{CFC52FE7-F02E-3157-8313-754308C45E63}.MinSizeRel|Win32.Build.0 = MinSizeRel|Win32
		{CFC52FE7-F02E-3157-8313-754308C45E63}.RelWithDebInfo|Win32.ActiveCfg = RelWithDebInfo|Win32
		{CFC52FE7-F02E-3157-8313-754308C45E63}.RelWithDebInfo|Win32.Build.0 = RelWithDebInfo|Win32
		{961479D6-6F7F-3F8A-9E5F-82F8947E9240}.Debug|Win32.ActiveCfg = Debug|Win32
		{961479D6-6F7F-3F8A-9E5F-82F8947E9240}.Release|Win32.ActiveCfg = Release|Win32
		{961479D6-6F7F-3F8A-9E5F-82F8947E9240}.MinSizeRel|Win32.ActiveCfg = MinSizeRel|Win32
		{961479D6-6F7F-3F8A-9E5F-82F8947E9240}.RelWithDebInfo|Win32.ActiveCfg = RelWithDebInfo|Win32
		{4B4DB0A0-6CC9-3AAC-9516-70BC0B6C2B23}.Debug|Win32.ActiveCfg = Debug|Win32
		{4B4DB0A0-6CC9-3AAC-9516-70BC0B6C2B23}.Debug|Win32.Build.0 = Debug|Win32
		{4B4DB0A0-6CC9-3AAC-9516-70BC0B6C2B23}.Release|Win32.ActiveCfg = Release|Win32
		{4B4DB0A0-6CC9-3AAC-9516-70BC0B6C2B23}.Release|Win32.Build.0 = Release|Win32
		{4B4DB0A0-6CC9-3AAC-9516-70BC0B6C2B23}.MinSizeRel|Win32.ActiveCfg = MinSizeRel|Win32
		{4B4DB0A0-6CC9-3AAC-9516-70BC0B6C2B23}.MinSizeRel|Win32.Build.0 = MinSizeRel|Win32
		{4B4DB0A0-6CC9-3AAC-9516-70BC0B6C2B23}.RelWithDebInfo|Win32.ActiveCfg = RelWithDebInfo|Win32
		{4B4DB0A0-6CC9-3AAC-9516-70BC0B6C2B23}.RelWithDebInfo|Win32.Build.0 = RelWithDebInfo|Win32
		{9596009A-0D9F-379E-AB83-6AEC099F7B0A}.Debug|Win32.ActiveCfg = Debug|Win32
		{9596009A-0D9F-379E-AB83-6AEC099F7B0A}.Debug|Win32.Build.0 = Debug|Win32
		{9596009A-0D9F-379E-AB83-6AEC099F7B0A}.Release|Win32.ActiveCfg = Release|Win32
		{9596009A-0D9F-379E-AB83-6AEC099F7B0A}.Release|Win32.Build.0 = Release|Win32
		{9596009A-0D9F-379E-AB83-6AEC099F7B0A}.MinSizeRel|Win32.ActiveCfg = MinSizeRel|Win32
		{9596009A-0D9F-379E-AB83-6AEC099F7B0A}.MinSizeRel|Win32.Build.0 = MinSizeRel|Win32
		{9596009A-0D9F-379E-AB83-6AEC099F7B0A}.RelWithDebInfo|Win32.ActiveCfg = RelWithDebInfo|Win32
		{9596009A-0D9F-379E-AB83-6AEC099F7B0A}.RelWithDebInfo|Win32.Build.0 = RelWithDebInfo|Win32
		{83C72B01-6B8A-31E9-A9A7-46BC8E1BF3CA}.Debug|Win32.ActiveCfg = Debug|Win32
		{83C72B01-6B8A-31E9-A9A7-46BC8E1BF3CA}.Debug|Win32.Build.0 = Debug|Win32
		{83C72B01-6B8A-31E9-A9A7-46BC8E1BF3CA}.Release|Win32.ActiveCfg = Release|Win32
		{83C72B01-6B8A-31E9-A9A7-46BC8E1BF3CA}.Release|Win32.Build.0 = Release|Win32
		{83C72B01-6B8A-31E9-A9A7-46BC8E1BF3CA}.MinSizeRel|Win32.ActiveCfg = MinSizeRel|Win32
		{83C72B01-6B8A-31E9-A9A7-46BC8E1BF3CA}.MinSizeRel|Win32.Build.0 = MinSizeRel|Win32
		{83C72B01-6B8A-31E9-A9A7-46BC8E1BF3CA}.RelWithDebInfo|Win32.ActiveCfg = RelWithDebInfo|Win32
		{83C72B01-6B8A-31E9-A9A7-46BC8E1BF3CA}.RelWithDebInfo|Win32.Build.0 = RelWithDebInfo|Win32
		{516B29C2-1F8A-3458-82AA-DB6269B93BD4}.Debug|Win32.ActiveCfg = Debug|Win32
		{516B29C2-1F8A-3458-82AA-DB6269B93BD4}.Debug|Win32.Build.0 = Debug|Win32
		{516B29C2-1F8A-3458-82AA-DB6269B93BD4}.Release|Win32.ActiveCfg = Release|Win32
		{516B29C2-1F8A-3458-82AA-DB6269B93BD4}.Release|Win32.Build.0 = Release|Win32
		{516B29C2-1F8A-3458-82AA-DB6269B93BD4}.MinSizeRel|Win32.ActiveCfg = MinSizeRel|Win32
		{516B29C2-1F8A-3458-82AA-DB6269B93BD4}.MinSizeRel|Win32.Build.0 = MinSizeRel|Win32
		{516B29C2-1F8A-3458-82AA-DB6269B93BD4}.RelWithDebInfo|Win32.ActiveCfg = RelWithDebInfo|Win32
		{516B29C2-1F8A-3458-82AA-DB6269B93BD4}.RelWithDebInfo|Win32.Build.0 = RelWithDebInfo|Win32
		{B487E467-66AD-3043-9F0A-007176A1561C}.Debug|Win32.ActiveCfg = Debug|Win32
		{B487E467-66AD-3043-9F0A-007176A1561C}.Release|Win32.ActiveCfg = Release|Win32
		{B487E467-66AD-3043-9F0A-007176A1561C}.MinSizeRel|Win32.ActiveCfg = MinSizeRel|Win32
		{B487E467-66AD-3043-9F0A-007176A1561C}.RelWithDebInfo|Win32.ActiveCfg = RelWithDebInfo|Win32
		{73FA61F1-6DA1-3EBE-9ACF-761594091B44}.Debug|Win32.ActiveCfg = Debug|Win32
		{73FA61F1-6DA1-3EBE-9ACF-761594091B44}.Debug|Win32.Build.0 = Debug|Win32
		{73FA61F1-6DA1-3EBE-9ACF-761594091B44}.Release|Win32.ActiveCfg = Release|Win32
		{73FA61F1-6DA1-3EBE-9ACF-761594091B44}.Release|Win32.Build.0 = Release|Win32
		{73FA61F1-6DA1-3EBE-9ACF-761594091B44}.MinSizeRel|Win32.ActiveCfg = MinSizeRel|Win32
		{73FA61F1-6DA1-3EBE-9ACF-761594091B44}.MinSizeRel|Win32.Build.0 = MinSizeRel|Win32
		{73FA61F1-6DA1-3EBE-9ACF-761594091B44}.RelWithDebInfo|Win32.ActiveCfg = RelWithDebInfo|Win32
		{73FA61F1-6DA1-3EBE-9ACF-761594091B44}.RelWithDebInfo|Win32.Build.0 = RelWithDebInfo|Win32
		{6313D0D5-244D-3C7F-ABC6-D2F59191FDAA}.Debug|Win32.ActiveCfg = Debug|Win32
		{6313D0D5-244D-3C7F-ABC6-D2F59191FDAA}.Release|Win32.ActiveCfg = Release|Win32
		{6313D0D5-244D-3C7F-ABC6-D2F59191FDAA}.MinSizeRel|Win32.ActiveCfg = MinSizeRel|Win32
		{6313D0D5-244D-3C7F-ABC6-D2F59191FDAA}.RelWithDebInfo|Win32.ActiveCfg = RelWithDebInfo|Win32
	EndGlobalSection
	GlobalSection(ExtensibilityGlobals) = postSolution
		SolutionGuid = {569F689C-48D2-3365-B550-18BDA26A5FBB}
	EndGlobalSection
	GlobalSection(ExtensibilityAddIns) = postSolution
	EndGlobalSection
EndGlobal
