<?xml version="1.0" encoding="utf-8"?>
<Project ToolsVersion="15.0" xmlns="http://schemas.microsoft.com/developer/msbuild/2003">
  <ItemGroup>
    <CustomBuild Include="C:\Work\VoIP\N_projects\Saylo\linphone-desktop\build\linphone-app\CMakeFiles\0e7d77585e4732eac31bd2b8a1020796\cs.ts.rule">
      <Filter>CMake Rules</Filter>
    </CustomBuild>
    <CustomBuild Include="C:\Work\VoIP\N_projects\Saylo\linphone-desktop\build\linphone-app\CMakeFiles\0e7d77585e4732eac31bd2b8a1020796\cs.qm.rule">
      <Filter>CMake Rules</Filter>
    </CustomBuild>
    <CustomBuild Include="C:\Work\VoIP\N_projects\Saylo\linphone-desktop\build\linphone-app\CMakeFiles\ca870e5ec167c2be720d8575a15eb9d9\update_translations.rule">
      <Filter>CMake Rules</Filter>
    </CustomBuild>
    <CustomBuild Include="C:\Work\VoIP\N_projects\Saylo\linphone-desktop\linphone-app\assets\languages\CMakeLists.txt" />
  </ItemGroup>
  <ItemGroup>
    <None Include="C:\Work\VoIP\N_projects\Saylo\linphone-desktop\build\linphone-app\assets\languages\CMakeFiles\update_translations" />
  </ItemGroup>
  <ItemGroup>
    <Filter Include="CMake Rules">
      <UniqueIdentifier>{EBA9651C-181E-3128-9D4F-06129B79EBDB}</UniqueIdentifier>
    </Filter>
  </ItemGroup>
</Project>
