
Microsoft Visual Studio Solution File, Format Version 12.00
# Visual Studio 15
Project("{8BC9CEB8-8B4A-11D0-8D11-00A0C91BC942}") = "ALL_BUILD", "ALL_BUILD.vcxproj", "{FE662883-805B-3428-80C3-F46671B4C37E}"
	ProjectSection(ProjectDependencies) = postProject
		{E84F93F8-F23D-3EDA-86F2-D5C31A595DCC} = {E84F93F8-F23D-3EDA-86F2-D5C31A595DCC}
		{93D6898F-5550-3CB6-BA4C-39B1AEBEC69C} = {93D6898F-5550-3CB6-BA4C-39B1AEBEC69C}
		{1720D106-9CA5-351D-8D45-CC1AA36D026E} = {1720D106-9CA5-351D-8D45-CC1AA36D026E}
		{22D192D4-EAB4-36EB-8FA0-618299F81359} = {22D192D4-EAB4-36EB-8FA0-618299F81359}
		{22F5C16B-7822-3203-9E13-576D8EF97127} = {22F5C16B-7822-3203-9E13-576D8EF97127}
		{C83B382A-D663-3C7D-9AE5-03E99E9689C5} = {C83B382A-D663-3C7D-9AE5-03E99E9689C5}
	EndProjectSection
EndProject
Project("{8BC9CEB8-8B4A-11D0-8D11-00A0C91BC942}") = "INSTALL", "INSTALL.vcxproj", "{84519EF8-2778-32C7-86FC-AB93EE683047}"
	ProjectSection(ProjectDependencies) = postProject
		{FE662883-805B-3428-80C3-F46671B4C37E} = {FE662883-805B-3428-80C3-F46671B4C37E}
		{E84F93F8-F23D-3EDA-86F2-D5C31A595DCC} = {E84F93F8-F23D-3EDA-86F2-D5C31A595DCC}
	EndProjectSection
EndProject
Project("{8BC9CEB8-8B4A-11D0-8D11-00A0C91BC942}") = "PACKAGE", "PACKAGE.vcxproj", "{DEDB2B73-EEC6-3850-BBB8-27927A857829}"
	ProjectSection(ProjectDependencies) = postProject
		{FE662883-805B-3428-80C3-F46671B4C37E} = {FE662883-805B-3428-80C3-F46671B4C37E}
		{E84F93F8-F23D-3EDA-86F2-D5C31A595DCC} = {E84F93F8-F23D-3EDA-86F2-D5C31A595DCC}
	EndProjectSection
EndProject
Project("{8BC9CEB8-8B4A-11D0-8D11-00A0C91BC942}") = "ZERO_CHECK", "ZERO_CHECK.vcxproj", "{E84F93F8-F23D-3EDA-86F2-D5C31A595DCC}"
	ProjectSection(ProjectDependencies) = postProject
	EndProjectSection
EndProject
Project("{8BC9CEB8-8B4A-11D0-8D11-00A0C91BC942}") = "app-library", "linphone-app\app-library.vcxproj", "{93D6898F-5550-3CB6-BA4C-39B1AEBEC69C}"
	ProjectSection(ProjectDependencies) = postProject
		{E84F93F8-F23D-3EDA-86F2-D5C31A595DCC} = {E84F93F8-F23D-3EDA-86F2-D5C31A595DCC}
		{1720D106-9CA5-351D-8D45-CC1AA36D026E} = {1720D106-9CA5-351D-8D45-CC1AA36D026E}
		{22D192D4-EAB4-36EB-8FA0-618299F81359} = {22D192D4-EAB4-36EB-8FA0-618299F81359}
		{CD5B3B76-6807-3F0E-9223-3C8E18E3222E} = {CD5B3B76-6807-3F0E-9223-3C8E18E3222E}
		{C83B382A-D663-3C7D-9AE5-03E99E9689C5} = {C83B382A-D663-3C7D-9AE5-03E99E9689C5}
		{24BA81CD-38B5-3A7B-8A27-F439361E5A5F} = {24BA81CD-38B5-3A7B-8A27-F439361E5A5F}
	EndProjectSection
EndProject
Project("{8BC9CEB8-8B4A-11D0-8D11-00A0C91BC942}") = "app-plugin", "linphone-app\app-plugin.vcxproj", "{1720D106-9CA5-351D-8D45-CC1AA36D026E}"
	ProjectSection(ProjectDependencies) = postProject
		{E84F93F8-F23D-3EDA-86F2-D5C31A595DCC} = {E84F93F8-F23D-3EDA-86F2-D5C31A595DCC}
	EndProjectSection
EndProject
Project("{8BC9CEB8-8B4A-11D0-8D11-00A0C91BC942}") = "app-qtkeychain", "app-qtkeychain.vcxproj", "{22D192D4-EAB4-36EB-8FA0-618299F81359}"
	ProjectSection(ProjectDependencies) = postProject
		{E84F93F8-F23D-3EDA-86F2-D5C31A595DCC} = {E84F93F8-F23D-3EDA-86F2-D5C31A595DCC}
	EndProjectSection
EndProject
Project("{8BC9CEB8-8B4A-11D0-8D11-00A0C91BC942}") = "linphone-qt", "linphone-app\linphone-qt.vcxproj", "{22F5C16B-7822-3203-9E13-576D8EF97127}"
	ProjectSection(ProjectDependencies) = postProject
		{E84F93F8-F23D-3EDA-86F2-D5C31A595DCC} = {E84F93F8-F23D-3EDA-86F2-D5C31A595DCC}
		{93D6898F-5550-3CB6-BA4C-39B1AEBEC69C} = {93D6898F-5550-3CB6-BA4C-39B1AEBEC69C}
		{1720D106-9CA5-351D-8D45-CC1AA36D026E} = {1720D106-9CA5-351D-8D45-CC1AA36D026E}
	EndProjectSection
EndProject
Project("{8BC9CEB8-8B4A-11D0-8D11-00A0C91BC942}") = "linphone-qt-git-version", "linphone-app\linphone-qt-git-version.vcxproj", "{CD5B3B76-6807-3F0E-9223-3C8E18E3222E}"
	ProjectSection(ProjectDependencies) = postProject
		{E84F93F8-F23D-3EDA-86F2-D5C31A595DCC} = {E84F93F8-F23D-3EDA-86F2-D5C31A595DCC}
	EndProjectSection
EndProject
Project("{8BC9CEB8-8B4A-11D0-8D11-00A0C91BC942}") = "linphone-qt-only", "linphone-qt-only.vcxproj", "{06BF2CC2-C179-3CBB-B4EC-7CE1F5EF6EE7}"
	ProjectSection(ProjectDependencies) = postProject
		{E84F93F8-F23D-3EDA-86F2-D5C31A595DCC} = {E84F93F8-F23D-3EDA-86F2-D5C31A595DCC}
	EndProjectSection
EndProject
Project("{8BC9CEB8-8B4A-11D0-8D11-00A0C91BC942}") = "sdk", "sdk.vcxproj", "{C83B382A-D663-3C7D-9AE5-03E99E9689C5}"
	ProjectSection(ProjectDependencies) = postProject
		{E84F93F8-F23D-3EDA-86F2-D5C31A595DCC} = {E84F93F8-F23D-3EDA-86F2-D5C31A595DCC}
	EndProjectSection
EndProject
Project("{8BC9CEB8-8B4A-11D0-8D11-00A0C91BC942}") = "sdk-build", "sdk-build.vcxproj", "{85E19E72-79DC-3E98-A8CC-CCA4550851CF}"
	ProjectSection(ProjectDependencies) = postProject
		{E84F93F8-F23D-3EDA-86F2-D5C31A595DCC} = {E84F93F8-F23D-3EDA-86F2-D5C31A595DCC}
	EndProjectSection
EndProject
Project("{8BC9CEB8-8B4A-11D0-8D11-00A0C91BC942}") = "update_translations", "linphone-app\assets\languages\update_translations.vcxproj", "{24BA81CD-38B5-3A7B-8A27-F439361E5A5F}"
	ProjectSection(ProjectDependencies) = postProject
		{E84F93F8-F23D-3EDA-86F2-D5C31A595DCC} = {E84F93F8-F23D-3EDA-86F2-D5C31A595DCC}
	EndProjectSection
EndProject
Global
	GlobalSection(SolutionConfigurationPlatforms) = preSolution
		Debug|Win32 = Debug|Win32
		Release|Win32 = Release|Win32
		MinSizeRel|Win32 = MinSizeRel|Win32
		RelWithDebInfo|Win32 = RelWithDebInfo|Win32
	EndGlobalSection
	GlobalSection(ProjectConfigurationPlatforms) = postSolution
		{FE662883-805B-3428-80C3-F46671B4C37E}.Debug|Win32.ActiveCfg = Debug|Win32
		{FE662883-805B-3428-80C3-F46671B4C37E}.Debug|Win32.Build.0 = Debug|Win32
		{FE662883-805B-3428-80C3-F46671B4C37E}.Release|Win32.ActiveCfg = Release|Win32
		{FE662883-805B-3428-80C3-F46671B4C37E}.Release|Win32.Build.0 = Release|Win32
		{FE662883-805B-3428-80C3-F46671B4C37E}.MinSizeRel|Win32.ActiveCfg = MinSizeRel|Win32
		{FE662883-805B-3428-80C3-F46671B4C37E}.MinSizeRel|Win32.Build.0 = MinSizeRel|Win32
		{FE662883-805B-3428-80C3-F46671B4C37E}.RelWithDebInfo|Win32.ActiveCfg = RelWithDebInfo|Win32
		{FE662883-805B-3428-80C3-F46671B4C37E}.RelWithDebInfo|Win32.Build.0 = RelWithDebInfo|Win32
		{84519EF8-2778-32C7-86FC-AB93EE683047}.Debug|Win32.ActiveCfg = Debug|Win32
		{84519EF8-2778-32C7-86FC-AB93EE683047}.Release|Win32.ActiveCfg = Release|Win32
		{84519EF8-2778-32C7-86FC-AB93EE683047}.MinSizeRel|Win32.ActiveCfg = MinSizeRel|Win32
		{84519EF8-2778-32C7-86FC-AB93EE683047}.RelWithDebInfo|Win32.ActiveCfg = RelWithDebInfo|Win32
		{DEDB2B73-EEC6-3850-BBB8-27927A857829}.Debug|Win32.ActiveCfg = Debug|Win32
		{DEDB2B73-EEC6-3850-BBB8-27927A857829}.Release|Win32.ActiveCfg = Release|Win32
		{DEDB2B73-EEC6-3850-BBB8-27927A857829}.MinSizeRel|Win32.ActiveCfg = MinSizeRel|Win32
		{DEDB2B73-EEC6-3850-BBB8-27927A857829}.RelWithDebInfo|Win32.ActiveCfg = RelWithDebInfo|Win32
		{E84F93F8-F23D-3EDA-86F2-D5C31A595DCC}.Debug|Win32.ActiveCfg = Debug|Win32
		{E84F93F8-F23D-3EDA-86F2-D5C31A595DCC}.Debug|Win32.Build.0 = Debug|Win32
		{E84F93F8-F23D-3EDA-86F2-D5C31A595DCC}.Release|Win32.ActiveCfg = Release|Win32
		{E84F93F8-F23D-3EDA-86F2-D5C31A595DCC}.Release|Win32.Build.0 = Release|Win32
		{E84F93F8-F23D-3EDA-86F2-D5C31A595DCC}.MinSizeRel|Win32.ActiveCfg = MinSizeRel|Win32
		{E84F93F8-F23D-3EDA-86F2-D5C31A595DCC}.MinSizeRel|Win32.Build.0 = MinSizeRel|Win32
		{E84F93F8-F23D-3EDA-86F2-D5C31A595DCC}.RelWithDebInfo|Win32.ActiveCfg = RelWithDebInfo|Win32
		{E84F93F8-F23D-3EDA-86F2-D5C31A595DCC}.RelWithDebInfo|Win32.Build.0 = RelWithDebInfo|Win32
		{93D6898F-5550-3CB6-BA4C-39B1AEBEC69C}.Debug|Win32.ActiveCfg = Debug|Win32
		{93D6898F-5550-3CB6-BA4C-39B1AEBEC69C}.Debug|Win32.Build.0 = Debug|Win32
		{93D6898F-5550-3CB6-BA4C-39B1AEBEC69C}.Release|Win32.ActiveCfg = Release|Win32
		{93D6898F-5550-3CB6-BA4C-39B1AEBEC69C}.Release|Win32.Build.0 = Release|Win32
		{93D6898F-5550-3CB6-BA4C-39B1AEBEC69C}.MinSizeRel|Win32.ActiveCfg = MinSizeRel|Win32
		{93D6898F-5550-3CB6-BA4C-39B1AEBEC69C}.MinSizeRel|Win32.Build.0 = MinSizeRel|Win32
		{93D6898F-5550-3CB6-BA4C-39B1AEBEC69C}.RelWithDebInfo|Win32.ActiveCfg = RelWithDebInfo|Win32
		{93D6898F-5550-3CB6-BA4C-39B1AEBEC69C}.RelWithDebInfo|Win32.Build.0 = RelWithDebInfo|Win32
		{1720D106-9CA5-351D-8D45-CC1AA36D026E}.Debug|Win32.ActiveCfg = Debug|Win32
		{1720D106-9CA5-351D-8D45-CC1AA36D026E}.Debug|Win32.Build.0 = Debug|Win32
		{1720D106-9CA5-351D-8D45-CC1AA36D026E}.Release|Win32.ActiveCfg = Release|Win32
		{1720D106-9CA5-351D-8D45-CC1AA36D026E}.Release|Win32.Build.0 = Release|Win32
		{1720D106-9CA5-351D-8D45-CC1AA36D026E}.MinSizeRel|Win32.ActiveCfg = MinSizeRel|Win32
		{1720D106-9CA5-351D-8D45-CC1AA36D026E}.MinSizeRel|Win32.Build.0 = MinSizeRel|Win32
		{1720D106-9CA5-351D-8D45-CC1AA36D026E}.RelWithDebInfo|Win32.ActiveCfg = RelWithDebInfo|Win32
		{1720D106-9CA5-351D-8D45-CC1AA36D026E}.RelWithDebInfo|Win32.Build.0 = RelWithDebInfo|Win32
		{22D192D4-EAB4-36EB-8FA0-618299F81359}.Debug|Win32.ActiveCfg = Debug|Win32
		{22D192D4-EAB4-36EB-8FA0-618299F81359}.Debug|Win32.Build.0 = Debug|Win32
		{22D192D4-EAB4-36EB-8FA0-618299F81359}.Release|Win32.ActiveCfg = Release|Win32
		{22D192D4-EAB4-36EB-8FA0-618299F81359}.Release|Win32.Build.0 = Release|Win32
		{22D192D4-EAB4-36EB-8FA0-618299F81359}.MinSizeRel|Win32.ActiveCfg = MinSizeRel|Win32
		{22D192D4-EAB4-36EB-8FA0-618299F81359}.MinSizeRel|Win32.Build.0 = MinSizeRel|Win32
		{22D192D4-EAB4-36EB-8FA0-618299F81359}.RelWithDebInfo|Win32.ActiveCfg = RelWithDebInfo|Win32
		{22D192D4-EAB4-36EB-8FA0-618299F81359}.RelWithDebInfo|Win32.Build.0 = RelWithDebInfo|Win32
		{22F5C16B-7822-3203-9E13-576D8EF97127}.Debug|Win32.ActiveCfg = Debug|Win32
		{22F5C16B-7822-3203-9E13-576D8EF97127}.Debug|Win32.Build.0 = Debug|Win32
		{22F5C16B-7822-3203-9E13-576D8EF97127}.Release|Win32.ActiveCfg = Release|Win32
		{22F5C16B-7822-3203-9E13-576D8EF97127}.Release|Win32.Build.0 = Release|Win32
		{22F5C16B-7822-3203-9E13-576D8EF97127}.MinSizeRel|Win32.ActiveCfg = MinSizeRel|Win32
		{22F5C16B-7822-3203-9E13-576D8EF97127}.MinSizeRel|Win32.Build.0 = MinSizeRel|Win32
		{22F5C16B-7822-3203-9E13-576D8EF97127}.RelWithDebInfo|Win32.ActiveCfg = RelWithDebInfo|Win32
		{22F5C16B-7822-3203-9E13-576D8EF97127}.RelWithDebInfo|Win32.Build.0 = RelWithDebInfo|Win32
		{CD5B3B76-6807-3F0E-9223-3C8E18E3222E}.Debug|Win32.ActiveCfg = Debug|Win32
		{CD5B3B76-6807-3F0E-9223-3C8E18E3222E}.Debug|Win32.Build.0 = Debug|Win32
		{CD5B3B76-6807-3F0E-9223-3C8E18E3222E}.Release|Win32.ActiveCfg = Release|Win32
		{CD5B3B76-6807-3F0E-9223-3C8E18E3222E}.Release|Win32.Build.0 = Release|Win32
		{CD5B3B76-6807-3F0E-9223-3C8E18E3222E}.MinSizeRel|Win32.ActiveCfg = MinSizeRel|Win32
		{CD5B3B76-6807-3F0E-9223-3C8E18E3222E}.MinSizeRel|Win32.Build.0 = MinSizeRel|Win32
		{CD5B3B76-6807-3F0E-9223-3C8E18E3222E}.RelWithDebInfo|Win32.ActiveCfg = RelWithDebInfo|Win32
		{CD5B3B76-6807-3F0E-9223-3C8E18E3222E}.RelWithDebInfo|Win32.Build.0 = RelWithDebInfo|Win32
		{06BF2CC2-C179-3CBB-B4EC-7CE1F5EF6EE7}.Debug|Win32.ActiveCfg = Debug|Win32
		{06BF2CC2-C179-3CBB-B4EC-7CE1F5EF6EE7}.Release|Win32.ActiveCfg = Release|Win32
		{06BF2CC2-C179-3CBB-B4EC-7CE1F5EF6EE7}.MinSizeRel|Win32.ActiveCfg = MinSizeRel|Win32
		{06BF2CC2-C179-3CBB-B4EC-7CE1F5EF6EE7}.RelWithDebInfo|Win32.ActiveCfg = RelWithDebInfo|Win32
		{C83B382A-D663-3C7D-9AE5-03E99E9689C5}.Debug|Win32.ActiveCfg = Debug|Win32
		{C83B382A-D663-3C7D-9AE5-03E99E9689C5}.Debug|Win32.Build.0 = Debug|Win32
		{C83B382A-D663-3C7D-9AE5-03E99E9689C5}.Release|Win32.ActiveCfg = Release|Win32
		{C83B382A-D663-3C7D-9AE5-03E99E9689C5}.Release|Win32.Build.0 = Release|Win32
		{C83B382A-D663-3C7D-9AE5-03E99E9689C5}.MinSizeRel|Win32.ActiveCfg = MinSizeRel|Win32
		{C83B382A-D663-3C7D-9AE5-03E99E9689C5}.MinSizeRel|Win32.Build.0 = MinSizeRel|Win32
		{C83B382A-D663-3C7D-9AE5-03E99E9689C5}.RelWithDebInfo|Win32.ActiveCfg = RelWithDebInfo|Win32
		{C83B382A-D663-3C7D-9AE5-03E99E9689C5}.RelWithDebInfo|Win32.Build.0 = RelWithDebInfo|Win32
		{85E19E72-79DC-3E98-A8CC-CCA4550851CF}.Debug|Win32.ActiveCfg = Debug|Win32
		{85E19E72-79DC-3E98-A8CC-CCA4550851CF}.Release|Win32.ActiveCfg = Release|Win32
		{85E19E72-79DC-3E98-A8CC-CCA4550851CF}.MinSizeRel|Win32.ActiveCfg = MinSizeRel|Win32
		{85E19E72-79DC-3E98-A8CC-CCA4550851CF}.RelWithDebInfo|Win32.ActiveCfg = RelWithDebInfo|Win32
		{24BA81CD-38B5-3A7B-8A27-F439361E5A5F}.Debug|Win32.ActiveCfg = Debug|Win32
		{24BA81CD-38B5-3A7B-8A27-F439361E5A5F}.Debug|Win32.Build.0 = Debug|Win32
		{24BA81CD-38B5-3A7B-8A27-F439361E5A5F}.Release|Win32.ActiveCfg = Release|Win32
		{24BA81CD-38B5-3A7B-8A27-F439361E5A5F}.Release|Win32.Build.0 = Release|Win32
		{24BA81CD-38B5-3A7B-8A27-F439361E5A5F}.MinSizeRel|Win32.ActiveCfg = MinSizeRel|Win32
		{24BA81CD-38B5-3A7B-8A27-F439361E5A5F}.MinSizeRel|Win32.Build.0 = MinSizeRel|Win32
		{24BA81CD-38B5-3A7B-8A27-F439361E5A5F}.RelWithDebInfo|Win32.ActiveCfg = RelWithDebInfo|Win32
		{24BA81CD-38B5-3A7B-8A27-F439361E5A5F}.RelWithDebInfo|Win32.Build.0 = RelWithDebInfo|Win32
	EndGlobalSection
	GlobalSection(ExtensibilityGlobals) = postSolution
		SolutionGuid = {01E56D5F-D23F-333B-B11B-B8BC38CC257A}
	EndGlobalSection
	GlobalSection(ExtensibilityAddIns) = postSolution
	EndGlobalSection
EndGlobal
