<?xml version="1.0" encoding="utf-8"?>
<Project ToolsVersion="15.0" xmlns="http://schemas.microsoft.com/developer/msbuild/2003">
  <ItemGroup>
    <CustomBuild Include="C:\Work\VoIP\N_projects\Saylo\linphone-desktop\build\CMakeFiles\63122e7feb86b0d2601a13581cf6a28e\linphone-qt-only-mkdir.rule">
      <Filter>CMake Rules</Filter>
    </CustomBuild>
    <CustomBuild Include="C:\Work\VoIP\N_projects\Saylo\linphone-desktop\build\CMakeFiles\63122e7feb86b0d2601a13581cf6a28e\linphone-qt-only-download.rule">
      <Filter>CMake Rules</Filter>
    </CustomBuild>
    <CustomBuild Include="C:\Work\VoIP\N_projects\Saylo\linphone-desktop\build\CMakeFiles\63122e7feb86b0d2601a13581cf6a28e\linphone-qt-only-update.rule">
      <Filter>CMake Rules</Filter>
    </CustomBuild>
    <CustomBuild Include="C:\Work\VoIP\N_projects\Saylo\linphone-desktop\build\CMakeFiles\63122e7feb86b0d2601a13581cf6a28e\linphone-qt-only-patch.rule">
      <Filter>CMake Rules</Filter>
    </CustomBuild>
    <CustomBuild Include="C:\Work\VoIP\N_projects\Saylo\linphone-desktop\build\CMakeFiles\63122e7feb86b0d2601a13581cf6a28e\linphone-qt-only-configure.rule">
      <Filter>CMake Rules</Filter>
    </CustomBuild>
    <CustomBuild Include="C:\Work\VoIP\N_projects\Saylo\linphone-desktop\build\CMakeFiles\63122e7feb86b0d2601a13581cf6a28e\linphone-qt-only-build.rule">
      <Filter>CMake Rules</Filter>
    </CustomBuild>
    <CustomBuild Include="C:\Work\VoIP\N_projects\Saylo\linphone-desktop\build\CMakeFiles\63122e7feb86b0d2601a13581cf6a28e\linphone-qt-only-install.rule">
      <Filter>CMake Rules</Filter>
    </CustomBuild>
    <CustomBuild Include="C:\Work\VoIP\N_projects\Saylo\linphone-desktop\build\CMakeFiles\a6d698c874f5bffab834fdd065a1ce58\linphone-qt-only-complete.rule">
      <Filter>CMake Rules</Filter>
    </CustomBuild>
    <CustomBuild Include="C:\Work\VoIP\N_projects\Saylo\linphone-desktop\build\CMakeFiles\c031d37d2bc47ae2051ae76c25be7223\linphone-qt-only.rule">
      <Filter>CMake Rules</Filter>
    </CustomBuild>
    <CustomBuild Include="C:\Work\VoIP\N_projects\Saylo\linphone-desktop\CMakeLists.txt" />
  </ItemGroup>
  <ItemGroup>
    <None Include="C:\Work\VoIP\N_projects\Saylo\linphone-desktop\build\CMakeFiles\linphone-qt-only" />
  </ItemGroup>
  <ItemGroup>
    <Filter Include="CMake Rules">
      <UniqueIdentifier>{C01CE2F8-A39C-3B8F-A251-2BFCC35898A1}</UniqueIdentifier>
    </Filter>
  </ItemGroup>
</Project>
