<?xml version="1.0" encoding="utf-8"?>
<Project ToolsVersion="15.0" xmlns="http://schemas.microsoft.com/developer/msbuild/2003">
  <ItemGroup>
    <CustomBuild Include="C:\Work\VoIP\N_projects\Saylo\linphone-desktop\build\CMakeFiles\c031d37d2bc47ae2051ae76c25be7223\generate.stamp.rule">
      <Filter>CMake Rules</Filter>
    </CustomBuild>
  </ItemGroup>
  <ItemGroup>
    <Filter Include="CMake Rules">
      <UniqueIdentifier>{C01CE2F8-A39C-3B8F-A251-2BFCC35898A1}</UniqueIdentifier>
    </Filter>
  </ItemGroup>
</Project>
